
Microsoft Visual Studio Solution File, Format Version 12.00
# Visual Studio 2013
VisualStudioVersion = 12.0.31101.0
MinimumVisualStudioVersion = 10.0.40219.1
Project("{FAE04EC0-301F-11D3-BF4B-00C04F79EFBC}") = "photoRenaming", "photoRenaming\photoRenaming.csproj", "{F4852C2B-86E5-4371-BD3B-C45805009348}"
EndProject
Project("{54435603-DBB4-11D2-8724-00A0C9A8B90C}") = "iMageSorter 1.4", "iMageSorter 1.4\iMageSorter 1.4.vdproj", "{F9F2DD5C-A3ED-431A-99AA-36648EF6EB12}"
EndProject
Global
	GlobalSection(SolutionConfigurationPlatforms) = preSolution
		Debug|Any CPU = Debug|Any CPU
		Release|Any CPU = Release|Any CPU
	EndGlobalSection
	GlobalSection(ProjectConfigurationPlatforms) = postSolution
		{F4852C2B-86E5-4371-BD3B-C45805009348}.Debug|Any CPU.ActiveCfg = Debug|Any CPU
		{F4852C2B-86E5-4371-BD3B-C45805009348}.Debug|Any CPU.Build.0 = Debug|Any CPU
		{F4852C2B-86E5-4371-BD3B-C45805009348}.Release|Any CPU.ActiveCfg = Release|Any CPU
		{F4852C2B-86E5-4371-BD3B-C45805009348}.Release|Any CPU.Build.0 = Release|Any CPU
		{F9F2DD5C-A3ED-431A-99AA-36648EF6EB12}.Debug|Any CPU.ActiveCfg = Debug
		{F9F2DD5C-A3ED-431A-99AA-36648EF6EB12}.Release|Any CPU.ActiveCfg = Release
	EndGlobalSection
	GlobalSection(SolutionProperties) = preSolution
		HideSolutionNode = FALSE
	EndGlobalSection
EndGlobal
